
Microsoft Visual Studio Solution File, Format Version 12.00
# Visual Studio 15
VisualStudioVersion = 15.0.26124.0
MinimumVisualStudioVersion = 15.0.26124.0
Project("{2150E333-8FDC-42A3-9474-1A3956D46DE8}") = "src", "src", "{8704D76B-605E-4443-9091-195221E13632}"
EndProject
Project("{FAE04EC0-301F-11D3-BF4B-00C04F79EFBC}") = "FluentArrangement", "src\FluentArrangement\FluentArrangement.csproj", "{92D552DB-4070-40EB-97E5-E5D0AB94F9BA}"
EndProject
Project("{2150E333-8FDC-42A3-9474-1A3956D46DE8}") = "tests", "tests", "{0A996DE1-92FB-46FA-A796-1A7E27A9E6E2}"
EndProject
Project("{FAE04EC0-301F-11D3-BF4B-00C04F79EFBC}") = "FluentArrangement.Tests", "tests\FluentArrangement.Tests\FluentArrangement.Tests.csproj", "{B5D30F28-B7B0-414B-B987-F583E8E57E23}"
EndProject
Global
	GlobalSection(SolutionConfigurationPlatforms) = preSolution
		Debug|Any CPU = Debug|Any CPU
		Debug|x64 = Debug|x64
		Debug|x86 = Debug|x86
		Release|Any CPU = Release|Any CPU
		Release|x64 = Release|x64
		Release|x86 = Release|x86
	EndGlobalSection
	GlobalSection(SolutionProperties) = preSolution
		HideSolutionNode = FALSE
	EndGlobalSection
	GlobalSection(ProjectConfigurationPlatforms) = postSolution
		{92D552DB-4070-40EB-97E5-E5D0AB94F9BA}.Debug|Any CPU.ActiveCfg = Debug|Any CPU
		{92D552DB-4070-40EB-97E5-E5D0AB94F9BA}.Debug|Any CPU.Build.0 = Debug|Any CPU
		{92D552DB-4070-40EB-97E5-E5D0AB94F9BA}.Debug|x64.ActiveCfg = Debug|Any CPU
		{92D552DB-4070-40EB-97E5-E5D0AB94F9BA}.Debug|x64.Build.0 = Debug|Any CPU
		{92D552DB-4070-40EB-97E5-E5D0AB94F9BA}.Debug|x86.ActiveCfg = Debug|Any CPU
		{92D552DB-4070-40EB-97E5-E5D0AB94F9BA}.Debug|x86.Build.0 = Debug|Any CPU
		{92D552DB-4070-40EB-97E5-E5D0AB94F9BA}.Release|Any CPU.ActiveCfg = Release|Any CPU
		{92D552DB-4070-40EB-97E5-E5D0AB94F9BA}.Release|Any CPU.Build.0 = Release|Any CPU
		{92D552DB-4070-40EB-97E5-E5D0AB94F9BA}.Release|x64.ActiveCfg = Release|Any CPU
		{92D552DB-4070-40EB-97E5-E5D0AB94F9BA}.Release|x64.Build.0 = Release|Any CPU
		{92D552DB-4070-40EB-97E5-E5D0AB94F9BA}.Release|x86.ActiveCfg = Release|Any CPU
		{92D552DB-4070-40EB-97E5-E5D0AB94F9BA}.Release|x86.Build.0 = Release|Any CPU
		{B5D30F28-B7B0-414B-B987-F583E8E57E23}.Debug|Any CPU.ActiveCfg = Debug|Any CPU
		{B5D30F28-B7B0-414B-B987-F583E8E57E23}.Debug|Any CPU.Build.0 = Debug|Any CPU
		{B5D30F28-B7B0-414B-B987-F583E8E57E23}.Debug|x64.ActiveCfg = Debug|Any CPU
		{B5D30F28-B7B0-414B-B987-F583E8E57E23}.Debug|x64.Build.0 = Debug|Any CPU
		{B5D30F28-B7B0-414B-B987-F583E8E57E23}.Debug|x86.ActiveCfg = Debug|Any CPU
		{B5D30F28-B7B0-414B-B987-F583E8E57E23}.Debug|x86.Build.0 = Debug|Any CPU
		{B5D30F28-B7B0-414B-B987-F583E8E57E23}.Release|Any CPU.ActiveCfg = Release|Any CPU
		{B5D30F28-B7B0-414B-B987-F583E8E57E23}.Release|Any CPU.Build.0 = Release|Any CPU
		{B5D30F28-B7B0-414B-B987-F583E8E57E23}.Release|x64.ActiveCfg = Release|Any CPU
		{B5D30F28-B7B0-414B-B987-F583E8E57E23}.Release|x64.Build.0 = Release|Any CPU
		{B5D30F28-B7B0-414B-B987-F583E8E57E23}.Release|x86.ActiveCfg = Release|Any CPU
		{B5D30F28-B7B0-414B-B987-F583E8E57E23}.Release|x86.Build.0 = Release|Any CPU
	EndGlobalSection
	GlobalSection(NestedProjects) = preSolution
		{92D552DB-4070-40EB-97E5-E5D0AB94F9BA} = {8704D76B-605E-4443-9091-195221E13632}
		{B5D30F28-B7B0-414B-B987-F583E8E57E23} = {0A996DE1-92FB-46FA-A796-1A7E27A9E6E2}
	EndGlobalSection
EndGlobal
